
Microsoft Visual Studio Solution File, Format Version 12.00
# Visual Studio Version 16
VisualStudioVersion = 16.0.30907.101
MinimumVisualStudioVersion = 10.0.40219.1
Project("{FAE04EC0-301F-11D3-BF4B-00C04F79EFBC}") = "Sclera2", "Sclera2.csproj", "{6F39BC34-2D6D-4907-9A8C-903A89CDD96D}"
EndProject
Project("{FAE04EC0-301F-11D3-BF4B-00C04F79EFBC}") = "Sclera2.Tests", "..\Sclera2.Tests\Sclera2.Tests.csproj", "{090181F0-E99C-4E11-8C03-C29B1479725B}"
EndProject
Global
	GlobalSection(SolutionConfigurationPlatforms) = preSolution
		Debug|Any CPU = Debug|Any CPU
		Release|Any CPU = Release|Any CPU
	EndGlobalSection
	GlobalSection(ProjectConfigurationPlatforms) = postSolution
		{6F39BC34-2D6D-4907-9A8C-903A89CDD96D}.Debug|Any CPU.ActiveCfg = Debug|Any CPU
		{6F39BC34-2D6D-4907-9A8C-903A89CDD96D}.Debug|Any CPU.Build.0 = Debug|Any CPU
		{6F39BC34-2D6D-4907-9A8C-903A89CDD96D}.Release|Any CPU.ActiveCfg = Release|Any CPU
		{6F39BC34-2D6D-4907-9A8C-903A89CDD96D}.Release|Any CPU.Build.0 = Release|Any CPU
		{090181F0-E99C-4E11-8C03-C29B1479725B}.Debug|Any CPU.ActiveCfg = Debug|Any CPU
		{090181F0-E99C-4E11-8C03-C29B1479725B}.Debug|Any CPU.Build.0 = Debug|Any CPU
		{090181F0-E99C-4E11-8C03-C29B1479725B}.Release|Any CPU.ActiveCfg = Release|Any CPU
		{090181F0-E99C-4E11-8C03-C29B1479725B}.Release|Any CPU.Build.0 = Release|Any CPU
	EndGlobalSection
	GlobalSection(SolutionProperties) = preSolution
		HideSolutionNode = FALSE
	EndGlobalSection
	GlobalSection(ExtensibilityGlobals) = postSolution
		SolutionGuid = {C7C76F0E-885C-4A31-B9FE-52B8C4B5C173}
	EndGlobalSection
EndGlobal
